// !$*UTF8*$!
{
	archiveVersion = 1;
	classes = {
	};
	objectVersion = 55;
	objects = {

/* Begin PBXBuildFile section */
		AF5624FB277D8001000FB8DD /* AppDelegate.swift in Sources */ = {isa = PBXBuildFile; fileRef = AF5624FA277D8001000FB8DD /* AppDelegate.swift */; };
		AF5624FD277D8001000FB8DD /* SceneDelegate.swift in Sources */ = {isa = PBXBuildFile; fileRef = AF5624FC277D8001000FB8DD /* SceneDelegate.swift */; };
		AF5624FF277D8001000FB8DD /* ViewController.swift in Sources */ = {isa = PBXBuildFile; fileRef = AF5624FE277D8001000FB8DD /* ViewController.swift */; };
		AF562502277D8001000FB8DD /* Main.storyboard in Resources */ = {isa = PBXBuildFile; fileRef = AF562500277D8001000FB8DD /* Main.storyboard */; };
		AF562504277D8003000FB8DD /* Assets.xcassets in Resources */ = {isa = PBXBuildFile; fileRef = AF562503277D8003000FB8DD /* Assets.xcassets */; };
		AF562507277D8003000FB8DD /* LaunchScreen.storyboard in Resources */ = {isa = PBXBuildFile; fileRef = AF562505277D8003000FB8DD /* LaunchScreen.storyboard */; };
		AF56250F277D8143000FB8DD /* CustomTableCell.swift in Sources */ = {isa = PBXBuildFile; fileRef = AF56250E277D8143000FB8DD /* CustomTableCell.swift */; };
		AF562511277D83BE000FB8DD /* CustomCollectionCell.swift in Sources */ = {isa = PBXBuildFile; fileRef = AF562510277D83BE000FB8DD /* CustomCollectionCell.swift */; };
		AFE75D45277F1CD7008E8D39 /* NewCustomCollectionCell.swift in Sources */ = {isa = PBXBuildFile; fileRef = AFE75D44277F1CD7008E8D39 /* NewCustomCollectionCell.swift */; };
		AFE75D47277F1E08008E8D39 /* CustomBtn.swift in Sources */ = {isa = PBXBuildFile; fileRef = AFE75D46277F1E08008E8D39 /* CustomBtn.swift */; };
/* End PBXBuildFile section */

/* Begin PBXFileReference section */
		AF5624F7277D8001000FB8DD /* CollectionView-Inside-TableView.app */ = {isa = PBXFileReference; explicitFileType = wrapper.application; includeInIndex = 0; path = "CollectionView-Inside-TableView.app"; sourceTree = BUILT_PRODUCTS_DIR; };
		AF5624FA277D8001000FB8DD /* AppDelegate.swift */ = {isa = PBXFileReference; lastKnownFileType = sourcecode.swift; path = AppDelegate.swift; sourceTree = "<group>"; };
		AF5624FC277D8001000FB8DD /* SceneDelegate.swift */ = {isa = PBXFileReference; lastKnownFileType = sourcecode.swift; path = SceneDelegate.swift; sourceTree = "<group>"; };
		AF5624FE277D8001000FB8DD /* ViewController.swift */ = {isa = PBXFileReference; lastKnownFileType = sourcecode.swift; path = ViewController.swift; sourceTree = "<group>"; };
		AF562501277D8001000FB8DD /* Base */ = {isa = PBXFileReference; lastKnownFileType = file.storyboard; name = Base; path = Base.lproj/Main.storyboard; sourceTree = "<group>"; };
		AF562503277D8003000FB8DD /* Assets.xcassets */ = {isa = PBXFileReference; lastKnownFileType = folder.assetcatalog; path = Assets.xcassets; sourceTree = "<group>"; };
		AF562506277D8003000FB8DD /* Base */ = {isa = PBXFileReference; lastKnownFileType = file.storyboard; name = Base; path = Base.lproj/LaunchScreen.storyboard; sourceTree = "<group>"; };
		AF562508277D8003000FB8DD /* Info.plist */ = {isa = PBXFileReference; lastKnownFileType = text.plist.xml; path = Info.plist; sourceTree = "<group>"; };
		AF56250E277D8143000FB8DD /* CustomTableCell.swift */ = {isa = PBXFileReference; lastKnownFileType = sourcecode.swift; path = CustomTableCell.swift; sourceTree = "<group>"; };
		AF562510277D83BE000FB8DD /* CustomCollectionCell.swift */ = {isa = PBXFileReference; lastKnownFileType = sourcecode.swift; path = CustomCollectionCell.swift; sourceTree = "<group>"; };
		AFE75D44277F1CD7008E8D39 /* NewCustomCollectionCell.swift */ = {isa = PBXFileReference; lastKnownFileType = sourcecode.swift; path = NewCustomCollectionCell.swift; sourceTree = "<group>"; };
		AFE75D46277F1E08008E8D39 /* CustomBtn.swift */ = {isa = PBXFileReference; lastKnownFileType = sourcecode.swift; path = CustomBtn.swift; sourceTree = "<group>"; };
/* End PBXFileReference section */

/* Begin PBXFrameworksBuildPhase section */
		AF5624F4277D8001000FB8DD /* Frameworks */ = {
			isa = PBXFrameworksBuildPhase;
			buildActionMask = 2147483647;
			files = (
			);
			runOnlyForDeploymentPostprocessing = 0;
		};
/* End PBXFrameworksBuildPhase section */

/* Begin PBXGroup section */
		AF5624EE277D8001000FB8DD = {
			isa = PBXGroup;
			children = (
				AF5624F9277D8001000FB8DD /* CollectionView-Inside-TableView */,
				AF5624F8277D8001000FB8DD /* Products */,
			);
			sourceTree = "<group>";
		};
		AF5624F8277D8001000FB8DD /* Products */ = {
			isa = PBXGroup;
			children = (
				AF5624F7277D8001000FB8DD /* CollectionView-Inside-TableView.app */,
			);
			name = Products;
			sourceTree = "<group>";
		};
		AF5624F9277D8001000FB8DD /* CollectionView-Inside-TableView */ = {
			isa = PBXGroup;
			children = (
				AF5624FA277D8001000FB8DD /* AppDelegate.swift */,
				AF5624FC277D8001000FB8DD /* SceneDelegate.swift */,
				AF562500277D8001000FB8DD /* Main.storyboard */,
				AF5624FE277D8001000FB8DD /* ViewController.swift */,
				AFE7C9B827A65D550095151D /* Cells */,
				AFE7C9B927A65D630095151D /* Views */,
				AF562503277D8003000FB8DD /* Assets.xcassets */,
				AF562505277D8003000FB8DD /* LaunchScreen.storyboard */,
				AF562508277D8003000FB8DD /* Info.plist */,
			);
			path = "CollectionView-Inside-TableView";
			sourceTree = "<group>";
		};
		AFE7C9B827A65D550095151D /* Cells */ = {
			isa = PBXGroup;
			children = (
				AF56250E277D8143000FB8DD /* CustomTableCell.swift */,
				AF562510277D83BE000FB8DD /* CustomCollectionCell.swift */,
				AFE75D44277F1CD7008E8D39 /* NewCustomCollectionCell.swift */,
			);
			path = Cells;
			sourceTree = "<group>";
		};
		AFE7C9B927A65D630095151D /* Views */ = {
			isa = PBXGroup;
			children = (
				AFE75D46277F1E08008E8D39 /* CustomBtn.swift */,
			);
			path = Views;
			sourceTree = "<group>";
		};
/* End PBXGroup section */

/* Begin PBXNativeTarget section */
		AF5624F6277D8001000FB8DD /* CollectionView-Inside-TableView */ = {
			isa = PBXNativeTarget;
			buildConfigurationList = AF56250B277D8003000FB8DD /* Build configuration list for PBXNativeTarget "CollectionView-Inside-TableView" */;
			buildPhases = (
				AF5624F3277D8001000FB8DD /* Sources */,
				AF5624F4277D8001000FB8DD /* Frameworks */,
				AF5624F5277D8001000FB8DD /* Resources */,
			);
			buildRules = (
			);
			dependencies = (
			);
			name = "CollectionView-Inside-TableView";
			productName = "CollectionView-Inside-TableView";
			productReference = AF5624F7277D8001000FB8DD /* CollectionView-Inside-TableView.app */;
			productType = "com.apple.product-type.application";
		};
/* End PBXNativeTarget section */

/* Begin PBXProject section */
		AF5624EF277D8001000FB8DD /* Project object */ = {
			isa = PBXProject;
			attributes = {
				BuildIndependentTargetsInParallel = 1;
				LastSwiftUpdateCheck = 1300;
				LastUpgradeCheck = 1300;
				TargetAttributes = {
					AF5624F6277D8001000FB8DD = {
						CreatedOnToolsVersion = 13.0;
					};
				};
			};
			buildConfigurationList = AF5624F2277D8001000FB8DD /* Build configuration list for PBXProject "CollectionView-Inside-TableView" */;
			compatibilityVersion = "Xcode 13.0";
			developmentRegion = en;
			hasScannedForEncodings = 0;
			knownRegions = (
				en,
				Base,
			);
			mainGroup = AF5624EE277D8001000FB8DD;
			productRefGroup = AF5624F8277D8001000FB8DD /* Products */;
			projectDirPath = "";
			projectRoot = "";
			targets = (
				AF5624F6277D8001000FB8DD /* CollectionView-Inside-TableView */,
			);
		};
/* End PBXProject section */

/* Begin PBXResourcesBuildPhase section */
		AF5624F5277D8001000FB8DD /* Resources */ = {
			isa = PBXResourcesBuildPhase;
			buildActionMask = 2147483647;
			files = (
				AF562507277D8003000FB8DD /* LaunchScreen.storyboard in Resources */,
				AF562504277D8003000FB8DD /* Assets.xcassets in Resources */,
				AF562502277D8001000FB8DD /* Main.storyboard in Resources */,
			);
			runOnlyForDeploymentPostprocessing = 0;
		};
/* End PBXResourcesBuildPhase section */

/* Begin PBXSourcesBuildPhase section */
		AF5624F3277D8001000FB8DD /* Sources */ = {
			isa = PBXSourcesBuildPhase;
			buildActionMask = 2147483647;
			files = (
				AF5624FF277D8001000FB8DD /* ViewController.swift in Sources */,
				AF562511277D83BE000FB8DD /* CustomCollectionCell.swift in Sources */,
				AF5624FB277D8001000FB8DD /* AppDelegate.swift in Sources */,
				AFE75D47277F1E08008E8D39 /* CustomBtn.swift in Sources */,
				AF5624FD277D8001000FB8DD /* SceneDelegate.swift in Sources */,
				AF56250F277D8143000FB8DD /* CustomTableCell.swift in Sources */,
				AFE75D45277F1CD7008E8D39 /* NewCustomCollectionCell.swift in Sources */,
			);
			runOnlyForDeploymentPostprocessing = 0;
		};
/* End PBXSourcesBuildPhase section */

/* Begin PBXVariantGroup section */
		AF562500277D8001000FB8DD /* Main.storyboard */ = {
			isa = PBXVariantGroup;
			children = (
				AF562501277D8001000FB8DD /* Base */,
			);
			name = Main.storyboard;
			sourceTree = "<group>";
		};
		AF562505277D8003000FB8DD /* LaunchScreen.storyboard */ = {
			isa = PBXVariantGroup;
			children = (
				AF562506277D8003000FB8DD /* Base */,
			);
			name = LaunchScreen.storyboard;
			sourceTree = "<group>";
		};
/* End PBXVariantGroup section */

/* Begin XCBuildConfiguration section */
		AF562509277D8003000FB8DD /* Debug */ = {
			isa = XCBuildConfiguration;
			buildSettings = {
				ALWAYS_SEARCH_USER_PATHS = NO;
				CLANG_ANALYZER_NONNULL = YES;
				CLANG_ANALYZER_NUMBER_OBJECT_CONVERSION = YES_AGGRESSIVE;
				CLANG_CXX_LANGUAGE_STANDARD = "gnu++17";
				CLANG_CXX_LIBRARY = "libc++";
				CLANG_ENABLE_MODULES = YES;
				CLANG_ENABLE_OBJC_ARC = YES;
				CLANG_ENABLE_OBJC_WEAK = YES;
				CLANG_WARN_BLOCK_CAPTURE_AUTORELEASING = YES;
				CLANG_WARN_BOOL_CONVERSION = YES;
				CLANG_WARN_COMMA = YES;
				CLANG_WARN_CONSTANT_CONVERSION = YES;
				CLANG_WARN_DEPRECATED_OBJC_IMPLEMENTATIONS = YES;
				CLANG_WARN_DIRECT_OBJC_ISA_USAGE = YES_ERROR;
				CLANG_WARN_DOCUMENTATION_COMMENTS = YES;
				CLANG_WARN_EMPTY_BODY = YES;
				CLANG_WARN_ENUM_CONVERSION = YES;
				CLANG_WARN_INFINITE_RECURSION = YES;
				CLANG_WARN_INT_CONVERSION = YES;
				CLANG_WARN_NON_LITERAL_NULL_CONVERSION = YES;
				CLANG_WARN_OBJC_IMPLICIT_RETAIN_SELF = YES;
				CLANG_WARN_OBJC_LITERAL_CONVERSION = YES;
				CLANG_WARN_OBJC_ROOT_CLASS = YES_ERROR;
				CLANG_WARN_QUOTED_INCLUDE_IN_FRAMEWORK_HEADER = YES;
				CLANG_WARN_RANGE_LOOP_ANALYSIS = YES;
				CLANG_WARN_STRICT_PROTOTYPES = YES;
				CLANG_WARN_SUSPICIOUS_MOVE = YES;
				CLANG_WARN_UNGUARDED_AVAILABILITY = YES_AGGRESSIVE;
				CLANG_WARN_UNREACHABLE_CODE = YES;
				CLANG_WARN__DUPLICATE_METHOD_MATCH = YES;
				COPY_PHASE_STRIP = NO;
				DEBUG_INFORMATION_FORMAT = dwarf;
				ENABLE_STRICT_OBJC_MSGSEND = YES;
				ENABLE_TESTABILITY = YES;
				GCC_C_LANGUAGE_STANDARD = gnu11;
				GCC_DYNAMIC_NO_PIC = NO;
				GCC_NO_COMMON_BLOCKS = YES;
				GCC_OPTIMIZATION_LEVEL = 0;
				GCC_PREPROCESSOR_DEFINITIONS = (
					"DEBUG=1",
					"$(inherited)",
				);
				GCC_WARN_64_TO_32_BIT_CONVERSION = YES;
				GCC_WARN_ABOUT_RETURN_TYPE = YES_ERROR;
				GCC_WARN_UNDECLARED_SELECTOR = YES;
				GCC_WARN_UNINITIALIZED_AUTOS = YES_AGGRESSIVE;
				GCC_WARN_UNUSED_FUNCTION = YES;
				GCC_WARN_UNUSED_VARIABLE = YES;
				IPHONEOS_DEPLOYMENT_TARGET = 15.0;
				MTL_ENABLE_DEBUG_INFO = INCLUDE_SOURCE;
				MTL_FAST_MATH = YES;
				ONLY_ACTIVE_ARCH = YES;
				SDKROOT = iphoneos;
				SWIFT_ACTIVE_COMPILATION_CONDITIONS = DEBUG;
				SWIFT_OPTIMIZATION_LEVEL = "-Onone";
			};
			name = Debug;
		};
		AF56250A277D8003000FB8DD /* Release */ = {
			isa = XCBuildConfiguration;
			buildSettings = {
				ALWAYS_SEARCH_USER_PATHS = NO;
				CLANG_ANALYZER_NONNULL = YES;
				CLANG_ANALYZER_NUMBER_OBJECT_CONVERSION = YES_AGGRESSIVE;
				CLANG_CXX_LANGUAGE_STANDARD = "gnu++17";
				CLANG_CXX_LIBRARY = "libc++";
				CLANG_ENABLE_MODULES = YES;
				CLANG_ENABLE_OBJC_ARC = YES;
				CLANG_ENABLE_OBJC_WEAK = YES;
				CLANG_WARN_BLOCK_CAPTURE_AUTORELEASING = YES;
				CLANG_WARN_BOOL_CONVERSION = YES;
				CLANG_WARN_COMMA = YES;
				CLANG_WARN_CONSTANT_CONVERSION = YES;
				CLANG_WARN_DEPRECATED_OBJC_IMPLEMENTATIONS = YES;
				CLANG_WARN_DIRECT_OBJC_ISA_USAGE = YES_ERROR;
				CLANG_WARN_DOCUMENTATION_COMMENTS = YES;
				CLANG_WARN_EMPTY_BODY = YES;
				CLANG_WARN_ENUM_CONVERSION = YES;
				CLANG_WARN_INFINITE_RECURSION = YES;
				CLANG_WARN_INT_CONVERSION = YES;
				CLANG_WARN_NON_LITERAL_NULL_CONVERSION = YES;
				CLANG_WARN_OBJC_IMPLICIT_RETAIN_SELF = YES;
				CLANG_WARN_OBJC_LITERAL_CONVERSION = YES;
				CLANG_WARN_OBJC_ROOT_CLASS = YES_ERROR;
				CLANG_WARN_QUOTED_INCLUDE_IN_FRAMEWORK_HEADER = YES;
				CLANG_WARN_RANGE_LOOP_ANALYSIS = YES;
				CLANG_WARN_STRICT_PROTOTYPES = YES;
				CLANG_WARN_SUSPICIOUS_MOVE = YES;
				CLANG_WARN_UNGUARDED_AVAILABILITY = YES_AGGRESSIVE;
				CLANG_WARN_UNREACHABLE_CODE = YES;
				CLANG_WARN__DUPLICATE_METHOD_MATCH = YES;
				COPY_PHASE_STRIP = NO;
				DEBUG_INFORMATION_FORMAT = "dwarf-with-dsym";
				ENABLE_NS_ASSERTIONS = NO;
				ENABLE_STRICT_OBJC_MSGSEND = YES;
				GCC_C_LANGUAGE_STANDARD = gnu11;
				GCC_NO_COMMON_BLOCKS = YES;
				GCC_WARN_64_TO_32_BIT_CONVERSION = YES;
				GCC_WARN_ABOUT_RETURN_TYPE = YES_ERROR;
				GCC_WARN_UNDECLARED_SELECTOR = YES;
				GCC_WARN_UNINITIALIZED_AUTOS = YES_AGGRESSIVE;
				GCC_WARN_UNUSED_FUNCTION = YES;
				GCC_WARN_UNUSED_VARIABLE = YES;
				IPHONEOS_DEPLOYMENT_TARGET = 15.0;
				MTL_ENABLE_DEBUG_INFO = NO;
				MTL_FAST_MATH = YES;
				SDKROOT = iphoneos;
				SWIFT_COMPILATION_MODE = wholemodule;
				SWIFT_OPTIMIZATION_LEVEL = "-O";
				VALIDATE_PRODUCT = YES;
			};
			name = Release;
		};
		AF56250C277D8003000FB8DD /* Debug */ = {
			isa = XCBuildConfiguration;
			buildSettings = {
				ASSETCATALOG_COMPILER_APPICON_NAME = AppIcon;
				ASSETCATALOG_COMPILER_GLOBAL_ACCENT_COLOR_NAME = AccentColor;
				CODE_SIGN_STYLE = Automatic;
				CURRENT_PROJECT_VERSION = 1;
				DEVELOPMENT_TEAM = RF7X7X8D8C;
				GENERATE_INFOPLIST_FILE = YES;
				INFOPLIST_FILE = "CollectionView-Inside-TableView/Info.plist";
				INFOPLIST_KEY_UIApplicationSupportsIndirectInputEvents = YES;
				INFOPLIST_KEY_UILaunchStoryboardName = LaunchScreen;
				INFOPLIST_KEY_UIMainStoryboardFile = Main;
				INFOPLIST_KEY_UISupportedInterfaceOrientations_iPad = "UIInterfaceOrientationPortrait UIInterfaceOrientationPortraitUpsideDown UIInterfaceOrientationLandscapeLeft UIInterfaceOrientationLandscapeRight";
				INFOPLIST_KEY_UISupportedInterfaceOrientations_iPhone = "UIInterfaceOrientationPortrait UIInterfaceOrientationLandscapeLeft UIInterfaceOrientationLandscapeRight";
				LD_RUNPATH_SEARCH_PATHS = (
					"$(inherited)",
					"@executable_path/Frameworks",
				);
				MARKETING_VERSION = 1.0;
				PRODUCT_BUNDLE_IDENTIFIER = "com.kathan.CollectionView-Inside-TableView";
				PRODUCT_NAME = "$(TARGET_NAME)";
				SWIFT_EMIT_LOC_STRINGS = YES;
				SWIFT_VERSION = 5.0;
				TARGETED_DEVICE_FAMILY = "1,2";
			};
			name = Debug;
		};
		AF56250D277D8003000FB8DD /* Release */ = {
			isa = XCBuildConfiguration;
			buildSettings = {
				ASSETCATALOG_COMPILER_APPICON_NAME = AppIcon;
				ASSETCATALOG_COMPILER_GLOBAL_ACCENT_COLOR_NAME = AccentColor;
				CODE_SIGN_STYLE = Automatic;
				CURRENT_PROJECT_VERSION = 1;
				DEVELOPMENT_TEAM = RF7X7X8D8C;
				GENERATE_INFOPLIST_FILE = YES;
				INFOPLIST_FILE = "CollectionView-Inside-TableView/Info.plist";
				INFOPLIST_KEY_UIApplicationSupportsIndirectInputEvents = YES;
				INFOPLIST_KEY_UILaunchStoryboardName = LaunchScreen;
				INFOPLIST_KEY_UIMainStoryboardFile = Main;
				INFOPLIST_KEY_UISupportedInterfaceOrientations_iPad = "UIInterfaceOrientationPortrait UIInterfaceOrientationPortraitUpsideDown UIInterfaceOrientationLandscapeLeft UIInterfaceOrientationLandscapeRight";
				INFOPLIST_KEY_UISupportedInterfaceOrientations_iPhone = "UIInterfaceOrientationPortrait UIInterfaceOrientationLandscapeLeft UIInterfaceOrientationLandscapeRight";
				LD_RUNPATH_SEARCH_PATHS = (
					"$(inherited)",
					"@executable_path/Frameworks",
				);
				MARKETING_VERSION = 1.0;
				PRODUCT_BUNDLE_IDENTIFIER = "com.kathan.CollectionView-Inside-TableView";
				PRODUCT_NAME = "$(TARGET_NAME)";
				SWIFT_EMIT_LOC_STRINGS = YES;
				SWIFT_VERSION = 5.0;
				TARGETED_DEVICE_FAMILY = "1,2";
			};
			name = Release;
		};
/* End XCBuildConfiguration section */

/* Begin XCConfigurationList section */
		AF5624F2277D8001000FB8DD /* Build configuration list for PBXProject "CollectionView-Inside-TableView" */ = {
			isa = XCConfigurationList;
			buildConfigurations = (
				AF562509277D8003000FB8DD /* Debug */,
				AF56250A277D8003000FB8DD /* Release */,
			);
			defaultConfigurationIsVisible = 0;
			defaultConfigurationName = Release;
		};
		AF56250B277D8003000FB8DD /* Build configuration list for PBXNativeTarget "CollectionView-Inside-TableView" */ = {
			isa = XCConfigurationList;
			buildConfigurations = (
				AF56250C277D8003000FB8DD /* Debug */,
				AF56250D277D8003000FB8DD /* Release */,
			);
			defaultConfigurationIsVisible = 0;
			defaultConfigurationName = Release;
		};
/* End XCConfigurationList section */
	};
	rootObject = AF5624EF277D8001000FB8DD /* Project object */;
}
